<?xml version="1.0" encoding="utf-8"?>
<Project ToolsVersion="4.0" xmlns="http://schemas.microsoft.com/developer/msbuild/2003">
  <ItemGroup>
    <Filter Include="Source Files">
      <UniqueIdentifier>{4FC737F1-C7A5-4376-A066-2A32D752A2FF}</UniqueIdentifier>
      <Extensions>cpp;c;cc;cxx;def;odl;idl;hpj;bat;asm;asmx</Extensions>
    </Filter>
    <Filter Include="Header Files">
      <UniqueIdentifier>{93995380-89BD-4b04-88EB-625FBE52EBFB}</UniqueIdentifier>
      <Extensions>h;hpp;hxx;hm;inl;inc;xsd</Extensions>
    </Filter>
    <Filter Include="Resource Files">
      <UniqueIdentifier>{67DA6AB6-F800-4c08-8B7A-83BB121AAD01}</UniqueIdentifier>
      <Extensions>rc;ico;cur;bmp;dlg;rc2;rct;bin;rgs;gif;jpg;jpeg;jpe;resx;tiff;tif;png;wav</Extensions>
    </Filter>
  </ItemGroup>
  <ItemGroup>
    <ClCompile Include="bip.cpp">
      <Filter>Source Files</Filter>
    </ClCompile>
    <ClCompile Include="bipwu.cpp">
      <Filter>Source Files</Filter>
    </ClCompile>
    <ClCompile Include="BusyDialog.cpp">
      <Filter>Source Files</Filter>
    </ClCompile>
    <ClCompile Include="ChartViewer.cpp">
      <Filter>Source Files</Filter>
    </ClCompile>
    <ClCompile Include="FactoryOverridesDlg.cpp">
      <Filter>Source Files</Filter>
    </ClCompile>
    <ClCompile Include="FaultDlg.cpp">
      <Filter>Source Files</Filter>
    </ClCompile>
    <ClCompile Include="fcs16.cpp">
      <Filter>Source Files</Filter>
    </ClCompile>
    <ClCompile Include="InterrupterSettings.cpp">
      <Filter>Source Files</Filter>
    </ClCompile>
    <ClCompile Include="RelayDlg.cpp">
      <Filter>Source Files</Filter>
    </ClCompile>
    <ClCompile Include="ser.cpp">
      <Filter>Source Files</Filter>
    </ClCompile>
    <ClCompile Include="ShuntCalcDlg.cpp">
      <Filter>Source Files</Filter>
    </ClCompile>
    <ClCompile Include="StatusWnd.cpp">
      <Filter>Source Files</Filter>
    </ClCompile>
    <ClCompile Include="stdafx.cpp">
      <Filter>Source Files</Filter>
    </ClCompile>
    <ClCompile Include="TextProgressCtrl.cpp">
      <Filter>Source Files</Filter>
    </ClCompile>
    <ClCompile Include="TransducerCalcDlg.cpp">
      <Filter>Source Files</Filter>
    </ClCompile>
    <ClCompile Include="udl1config.cpp">
      <Filter>Source Files</Filter>
    </ClCompile>
    <ClCompile Include="udl1configDlg.cpp">
      <Filter>Source Files</Filter>
    </ClCompile>
    <ClCompile Include="winusbif.cpp">
      <Filter>Source Files</Filter>
    </ClCompile>
    <ClCompile Include="zoomscrolldemoDlg.cpp">
      <Filter>Source Files</Filter>
    </ClCompile>
    <ClCompile Include="FileSplitUtilityDlg.cpp">
      <Filter>Source Files</Filter>
    </ClCompile>
    <ClCompile Include="C32kHzTestDlg.cpp">
      <Filter>Source Files</Filter>
    </ClCompile>
    <ClCompile Include="datalog.cpp">
      <Filter>Source Files</Filter>
    </ClCompile>
    <ClCompile Include="LocationNotesDlg.cpp">
      <Filter>Source Files</Filter>
    </ClCompile>
  </ItemGroup>
  <ItemGroup>
    <ClInclude Include="bipiprot.hpp">
      <Filter>Header Files</Filter>
    </ClInclude>
    <ClInclude Include="bipwuiprot.hpp">
      <Filter>Header Files</Filter>
    </ClInclude>
    <ClInclude Include="bipwuxprot.hpp">
      <Filter>Header Files</Filter>
    </ClInclude>
    <ClInclude Include="bipxprot.hpp">
      <Filter>Header Files</Filter>
    </ClInclude>
    <ClInclude Include="BusyDialog.h">
      <Filter>Header Files</Filter>
    </ClInclude>
    <ClInclude Include="ChartViewer.h">
      <Filter>Header Files</Filter>
    </ClInclude>
    <ClInclude Include="CMemDC.h">
      <Filter>Header Files</Filter>
    </ClInclude>
    <ClInclude Include="FactoryOverridesDlg.h">
      <Filter>Header Files</Filter>
    </ClInclude>
    <ClInclude Include="FaultDlg.h">
      <Filter>Header Files</Filter>
    </ClInclude>
    <ClInclude Include="fcs16.hpp">
      <Filter>Header Files</Filter>
    </ClInclude>
    <ClInclude Include="ftd2xx.h">
      <Filter>Header Files</Filter>
    </ClInclude>
    <ClInclude Include="htype.h">
      <Filter>Header Files</Filter>
    </ClInclude>
    <ClInclude Include="InterrupterSettings.h">
      <Filter>Header Files</Filter>
    </ClInclude>
    <ClInclude Include="RelayDlg.h">
      <Filter>Header Files</Filter>
    </ClInclude>
    <ClInclude Include="Resource.h">
      <Filter>Header Files</Filter>
    </ClInclude>
    <ClInclude Include="seriprot.hpp">
      <Filter>Header Files</Filter>
    </ClInclude>
    <ClInclude Include="serxprot.hpp">
      <Filter>Header Files</Filter>
    </ClInclude>
    <ClInclude Include="ShuntCalcDlg.h">
      <Filter>Header Files</Filter>
    </ClInclude>
    <ClInclude Include="StatusWnd.h">
      <Filter>Header Files</Filter>
    </ClInclude>
    <ClInclude Include="stdafx.h">
      <Filter>Header Files</Filter>
    </ClInclude>
    <ClInclude Include="TextProgressCtrl.h">
      <Filter>Header Files</Filter>
    </ClInclude>
    <ClInclude Include="TransducerCalcDlg.h">
      <Filter>Header Files</Filter>
    </ClInclude>
    <ClInclude Include="udl1config.h">
      <Filter>Header Files</Filter>
    </ClInclude>
    <ClInclude Include="udl1configDlg.h">
      <Filter>Header Files</Filter>
    </ClInclude>
    <ClInclude Include="winusbif.hpp">
      <Filter>Header Files</Filter>
    </ClInclude>
    <ClInclude Include="zoomscrolldemoDlg.h">
      <Filter>Header Files</Filter>
    </ClInclude>
    <ClInclude Include="targetver.h">
      <Filter>Header Files</Filter>
    </ClInclude>
    <ClInclude Include="FileSplitUtilityDlg.h">
      <Filter>Header Files</Filter>
    </ClInclude>
    <ClInclude Include="C32kHzTestDlg.h">
      <Filter>Header Files</Filter>
    </ClInclude>
    <ClInclude Include="datalog.hpp">
      <Filter>Header Files</Filter>
    </ClInclude>
  </ItemGroup>
  <ItemGroup>
    <None Include="res\pointerPB.ico">
      <Filter>Resource Files</Filter>
    </None>
    <None Include="res\udl1config.rc2">
      <Filter>Resource Files</Filter>
    </None>
    <None Include="res\xyzoomPB.ico">
      <Filter>Resource Files</Filter>
    </None>
    <None Include="res\xzoomPB.ico">
      <Filter>Resource Files</Filter>
    </None>
    <None Include="res\zoomInPB.ico">
      <Filter>Resource Files</Filter>
    </None>
    <None Include="res\zoomOutPB.ico">
      <Filter>Resource Files</Filter>
    </None>
    <None Include="ReadMe.txt" />
    <None Include="res\zoomoutp.ico">
      <Filter>Resource Files</Filter>
    </None>
    <None Include="res\zoomAllPB.ico">
      <Filter>Resource Files</Filter>
    </None>
  </ItemGroup>
  <ItemGroup>
    <ResourceCompile Include="udl1config.rc">
      <Filter>Resource Files</Filter>
    </ResourceCompile>
  </ItemGroup>
  <ItemGroup>
    <Image Include="res\icon.ico">
      <Filter>Resource Files</Filter>
    </Image>
    <Image Include="res\udl1config.ico">
      <Filter>Resource Files</Filter>
    </Image>
    <Image Include="res\icon1.ico">
      <Filter>Resource Files</Filter>
    </Image>
  </ItemGroup>
</Project>